// !$*UTF8*$!
{
	archiveVersion = 1;
	classes = {
	};
	objectVersion = 46;
	objects = {

/* Begin PBXBuildFile section */
		237F113A1C51B4E50074CC9C /* main.m in Sources */ = {isa = PBXBuildFile; fileRef = 237F11391C51B4E50074CC9C /* main.m */; };
		237F113D1C51B4E50074CC9C /* AppDelegate.m in Sources */ = {isa = PBXBuildFile; fileRef = 237F113C1C51B4E50074CC9C /* AppDelegate.m */; };
		237F11401C51B4E50074CC9C /* ViewController.m in Sources */ = {isa = PBXBuildFile; fileRef = 237F113F1C51B4E50074CC9C /* ViewController.m */; };
		237F11431C51B4E50074CC9C /* Main.storyboard in Resources */ = {isa = PBXBuildFile; fileRef = 237F11411C51B4E50074CC9C /* Main.storyboard */; };
		237F11451C51B4E50074CC9C /* Assets.xcassets in Resources */ = {isa = PBXBuildFile; fileRef = 237F11441C51B4E50074CC9C /* Assets.xcassets */; };
		237F11481C51B4E50074CC9C /* LaunchScreen.storyboard in Resources */ = {isa = PBXBuildFile; fileRef = 237F11461C51B4E50074CC9C /* LaunchScreen.storyboard */; };
		237F11501C51B4F50074CC9C /* J.jpg in Resources */ = {isa = PBXBuildFile; fileRef = 237F114F1C51B4F50074CC9C /* J.jpg */; };
		237F11531C51B93E0074CC9C /* MyViewController.m in Sources */ = {isa = PBXBuildFile; fileRef = 237F11521C51B93E0074CC9C /* MyViewController.m */; };
/* End PBXBuildFile section */

/* Begin PBXFileReference section */
		237F11351C51B4E50074CC9C /* 下拉放大.app */ = {isa = PBXFileReference; explicitFileType = wrapper.application; includeInIndex = 0; path = "下拉放大.app"; sourceTree = BUILT_PRODUCTS_DIR; };
		237F11391C51B4E50074CC9C /* main.m */ = {isa = PBXFileReference; lastKnownFileType = sourcecode.c.objc; path = main.m; sourceTree = "<group>"; };
		237F113B1C51B4E50074CC9C /* AppDelegate.h */ = {isa = PBXFileReference; lastKnownFileType = sourcecode.c.h; path = AppDelegate.h; sourceTree = "<group>"; };
		237F113C1C51B4E50074CC9C /* AppDelegate.m */ = {isa = PBXFileReference; lastKnownFileType = sourcecode.c.objc; path = AppDelegate.m; sourceTree = "<group>"; };
		237F113E1C51B4E50074CC9C /* ViewController.h */ = {isa = PBXFileReference; lastKnownFileType = sourcecode.c.h; path = ViewController.h; sourceTree = "<group>"; };
		237F113F1C51B4E50074CC9C /* ViewController.m */ = {isa = PBXFileReference; lastKnownFileType = sourcecode.c.objc; path = ViewController.m; sourceTree = "<group>"; };
		237F11421C51B4E50074CC9C /* Base */ = {isa = PBXFileReference; lastKnownFileType = file.storyboard; name = Base; path = Base.lproj/Main.storyboard; sourceTree = "<group>"; };
		237F11441C51B4E50074CC9C /* Assets.xcassets */ = {isa = PBXFileReference; lastKnownFileType = folder.assetcatalog; path = Assets.xcassets; sourceTree = "<group>"; };
		237F11471C51B4E50074CC9C /* Base */ = {isa = PBXFileReference; lastKnownFileType = file.storyboard; name = Base; path = Base.lproj/LaunchScreen.storyboard; sourceTree = "<group>"; };
		237F11491C51B4E50074CC9C /* Info.plist */ = {isa = PBXFileReference; lastKnownFileType = text.plist.xml; path = Info.plist; sourceTree = "<group>"; };
		237F114F1C51B4F50074CC9C /* J.jpg */ = {isa = PBXFileReference; lastKnownFileType = image.jpeg; path = J.jpg; sourceTree = "<group>"; };
		237F11511C51B93E0074CC9C /* MyViewController.h */ = {isa = PBXFileReference; fileEncoding = 4; lastKnownFileType = sourcecode.c.h; path = MyViewController.h; sourceTree = "<group>"; };
		237F11521C51B93E0074CC9C /* MyViewController.m */ = {isa = PBXFileReference; fileEncoding = 4; lastKnownFileType = sourcecode.c.objc; path = MyViewController.m; sourceTree = "<group>"; };
/* End PBXFileReference section */

/* Begin PBXFrameworksBuildPhase section */
		237F11321C51B4E50074CC9C /* Frameworks */ = {
			isa = PBXFrameworksBuildPhase;
			buildActionMask = 2147483647;
			files = (
			);
			runOnlyForDeploymentPostprocessing = 0;
		};
/* End PBXFrameworksBuildPhase section */

/* Begin PBXGroup section */
		237F112C1C51B4E50074CC9C = {
			isa = PBXGroup;
			children = (
				237F11371C51B4E50074CC9C /* 下拉放大 */,
				237F11361C51B4E50074CC9C /* Products */,
			);
			sourceTree = "<group>";
		};
		237F11361C51B4E50074CC9C /* Products */ = {
			isa = PBXGroup;
			children = (
				237F11351C51B4E50074CC9C /* 下拉放大.app */,
			);
			name = Products;
			sourceTree = "<group>";
		};
		237F11371C51B4E50074CC9C /* 下拉放大 */ = {
			isa = PBXGroup;
			children = (
				237F113B1C51B4E50074CC9C /* AppDelegate.h */,
				237F113C1C51B4E50074CC9C /* AppDelegate.m */,
				237F113E1C51B4E50074CC9C /* ViewController.h */,
				237F113F1C51B4E50074CC9C /* ViewController.m */,
				237F11511C51B93E0074CC9C /* MyViewController.h */,
				237F11521C51B93E0074CC9C /* MyViewController.m */,
				237F11411C51B4E50074CC9C /* Main.storyboard */,
				237F114F1C51B4F50074CC9C /* J.jpg */,
				237F11441C51B4E50074CC9C /* Assets.xcassets */,
				237F11461C51B4E50074CC9C /* LaunchScreen.storyboard */,
				237F11491C51B4E50074CC9C /* Info.plist */,
				237F11381C51B4E50074CC9C /* Supporting Files */,
			);
			path = "下拉放大";
			sourceTree = "<group>";
		};
		237F11381C51B4E50074CC9C /* Supporting Files */ = {
			isa = PBXGroup;
			children = (
				237F11391C51B4E50074CC9C /* main.m */,
			);
			name = "Supporting Files";
			sourceTree = "<group>";
		};
/* End PBXGroup section */

/* Begin PBXNativeTarget section */
		237F11341C51B4E50074CC9C /* 下拉放大 */ = {
			isa = PBXNativeTarget;
			buildConfigurationList = 237F114C1C51B4E50074CC9C /* Build configuration list for PBXNativeTarget "下拉放大" */;
			buildPhases = (
				237F11311C51B4E50074CC9C /* Sources */,
				237F11321C51B4E50074CC9C /* Frameworks */,
				237F11331C51B4E50074CC9C /* Resources */,
			);
			buildRules = (
			);
			dependencies = (
			);
			name = "下拉放大";
			productName = "下拉放大";
			productReference = 237F11351C51B4E50074CC9C /* 下拉放大.app */;
			productType = "com.apple.product-type.application";
		};
/* End PBXNativeTarget section */

/* Begin PBXProject section */
		237F112D1C51B4E50074CC9C /* Project object */ = {
			isa = PBXProject;
			attributes = {
				LastUpgradeCheck = 0720;
				ORGANIZATIONNAME = bukaopu;
				TargetAttributes = {
					237F11341C51B4E50074CC9C = {
						CreatedOnToolsVersion = 7.2;
					};
				};
			};
			buildConfigurationList = 237F11301C51B4E50074CC9C /* Build configuration list for PBXProject "下拉放大" */;
			compatibilityVersion = "Xcode 3.2";
			developmentRegion = English;
			hasScannedForEncodings = 0;
			knownRegions = (
				en,
				Base,
			);
			mainGroup = 237F112C1C51B4E50074CC9C;
			productRefGroup = 237F11361C51B4E50074CC9C /* Products */;
			projectDirPath = "";
			projectRoot = "";
			targets = (
				237F11341C51B4E50074CC9C /* 下拉放大 */,
			);
		};
/* End PBXProject section */

/* Begin PBXResourcesBuildPhase section */
		237F11331C51B4E50074CC9C /* Resources */ = {
			isa = PBXResourcesBuildPhase;
			buildActionMask = 2147483647;
			files = (
				237F11481C51B4E50074CC9C /* LaunchScreen.storyboard in Resources */,
				237F11451C51B4E50074CC9C /* Assets.xcassets in Resources */,
				237F11501C51B4F50074CC9C /* J.jpg in Resources */,
				237F11431C51B4E50074CC9C /* Main.storyboard in Resources */,
			);
			runOnlyForDeploymentPostprocessing = 0;
		};
/* End PBXResourcesBuildPhase section */

/* Begin PBXSourcesBuildPhase section */
		237F11311C51B4E50074CC9C /* Sources */ = {
			isa = PBXSourcesBuildPhase;
			buildActionMask = 2147483647;
			files = (
				237F11401C51B4E50074CC9C /* ViewController.m in Sources */,
				237F113D1C51B4E50074CC9C /* AppDelegate.m in Sources */,
				237F11531C51B93E0074CC9C /* MyViewController.m in Sources */,
				237F113A1C51B4E50074CC9C /* main.m in Sources */,
			);
			runOnlyForDeploymentPostprocessing = 0;
		};
/* End PBXSourcesBuildPhase section */

/* Begin PBXVariantGroup section */
		237F11411C51B4E50074CC9C /* Main.storyboard */ = {
			isa = PBXVariantGroup;
			children = (
				237F11421C51B4E50074CC9C /* Base */,
			);
			name = Main.storyboard;
			sourceTree = "<group>";
		};
		237F11461C51B4E50074CC9C /* LaunchScreen.storyboard */ = {
			isa = PBXVariantGroup;
			children = (
				237F11471C51B4E50074CC9C /* Base */,
			);
			name = LaunchScreen.storyboard;
			sourceTree = "<group>";
		};
/* End PBXVariantGroup section */

/* Begin XCBuildConfiguration section */
		237F114A1C51B4E50074CC9C /* Debug */ = {
			isa = XCBuildConfiguration;
			buildSettings = {
				ALWAYS_SEARCH_USER_PATHS = NO;
				CLANG_CXX_LANGUAGE_STANDARD = "gnu++0x";
				CLANG_CXX_LIBRARY = "libc++";
				CLANG_ENABLE_MODULES = YES;
				CLANG_ENABLE_OBJC_ARC = YES;
				CLANG_WARN_BOOL_CONVERSION = YES;
				CLANG_WARN_CONSTANT_CONVERSION = YES;
				CLANG_WARN_DIRECT_OBJC_ISA_USAGE = YES_ERROR;
				CLANG_WARN_EMPTY_BODY = YES;
				CLANG_WARN_ENUM_CONVERSION = YES;
				CLANG_WARN_INT_CONVERSION = YES;
				CLANG_WARN_OBJC_ROOT_CLASS = YES_ERROR;
				CLANG_WARN_UNREACHABLE_CODE = YES;
				CLANG_WARN__DUPLICATE_METHOD_MATCH = YES;
				"CODE_SIGN_IDENTITY[sdk=iphoneos*]" = "iPhone Developer";
				COPY_PHASE_STRIP = NO;
				DEBUG_INFORMATION_FORMAT = dwarf;
				ENABLE_STRICT_OBJC_MSGSEND = YES;
				ENABLE_TESTABILITY = YES;
				GCC_C_LANGUAGE_STANDARD = gnu99;
				GCC_DYNAMIC_NO_PIC = NO;
				GCC_NO_COMMON_BLOCKS = YES;
				GCC_OPTIMIZATION_LEVEL = 0;
				GCC_PREPROCESSOR_DEFINITIONS = (
					"DEBUG=1",
					"$(inherited)",
				);
				GCC_WARN_64_TO_32_BIT_CONVERSION = YES;
				GCC_WARN_ABOUT_RETURN_TYPE = YES_ERROR;
				GCC_WARN_UNDECLARED_SELECTOR = YES;
				GCC_WARN_UNINITIALIZED_AUTOS = YES_AGGRESSIVE;
				GCC_WARN_UNUSED_FUNCTION = YES;
				GCC_WARN_UNUSED_VARIABLE = YES;
				IPHONEOS_DEPLOYMENT_TARGET = 9.2;
				MTL_ENABLE_DEBUG_INFO = YES;
				ONLY_ACTIVE_ARCH = YES;
				SDKROOT = iphoneos;
			};
			name = Debug;
		};
		237F114B1C51B4E50074CC9C /* Release */ = {
			isa = XCBuildConfiguration;
			buildSettings = {
				ALWAYS_SEARCH_USER_PATHS = NO;
				CLANG_CXX_LANGUAGE_STANDARD = "gnu++0x";
				CLANG_CXX_LIBRARY = "libc++";
				CLANG_ENABLE_MODULES = YES;
				CLANG_ENABLE_OBJC_ARC = YES;
				CLANG_WARN_BOOL_CONVERSION = YES;
				CLANG_WARN_CONSTANT_CONVERSION = YES;
				CLANG_WARN_DIRECT_OBJC_ISA_USAGE = YES_ERROR;
				CLANG_WARN_EMPTY_BODY = YES;
				CLANG_WARN_ENUM_CONVERSION = YES;
				CLANG_WARN_INT_CONVERSION = YES;
				CLANG_WARN_OBJC_ROOT_CLASS = YES_ERROR;
				CLANG_WARN_UNREACHABLE_CODE = YES;
				CLANG_WARN__DUPLICATE_METHOD_MATCH = YES;
				"CODE_SIGN_IDENTITY[sdk=iphoneos*]" = "iPhone Developer";
				COPY_PHASE_STRIP = NO;
				DEBUG_INFORMATION_FORMAT = "dwarf-with-dsym";
				ENABLE_NS_ASSERTIONS = NO;
				ENABLE_STRICT_OBJC_MSGSEND = YES;
				GCC_C_LANGUAGE_STANDARD = gnu99;
				GCC_NO_COMMON_BLOCKS = YES;
				GCC_WARN_64_TO_32_BIT_CONVERSION = YES;
				GCC_WARN_ABOUT_RETURN_TYPE = YES_ERROR;
				GCC_WARN_UNDECLARED_SELECTOR = YES;
				GCC_WARN_UNINITIALIZED_AUTOS = YES_AGGRESSIVE;
				GCC_WARN_UNUSED_FUNCTION = YES;
				GCC_WARN_UNUSED_VARIABLE = YES;
				IPHONEOS_DEPLOYMENT_TARGET = 9.2;
				MTL_ENABLE_DEBUG_INFO = NO;
				SDKROOT = iphoneos;
				VALIDATE_PRODUCT = YES;
			};
			name = Release;
		};
		237F114D1C51B4E50074CC9C /* Debug */ = {
			isa = XCBuildConfiguration;
			buildSettings = {
				ASSETCATALOG_COMPILER_APPICON_NAME = AppIcon;
				INFOPLIST_FILE = "下拉放大/Info.plist";
				LD_RUNPATH_SEARCH_PATHS = "$(inherited) @executable_path/Frameworks";
				PRODUCT_BUNDLE_IDENTIFIER = "bukaopu.----";
				PRODUCT_NAME = "$(TARGET_NAME)";
			};
			name = Debug;
		};
		237F114E1C51B4E50074CC9C /* Release */ = {
			isa = XCBuildConfiguration;
			buildSettings = {
				ASSETCATALOG_COMPILER_APPICON_NAME = AppIcon;
				INFOPLIST_FILE = "下拉放大/Info.plist";
				LD_RUNPATH_SEARCH_PATHS = "$(inherited) @executable_path/Frameworks";
				PRODUCT_BUNDLE_IDENTIFIER = "bukaopu.----";
				PRODUCT_NAME = "$(TARGET_NAME)";
			};
			name = Release;
		};
/* End XCBuildConfiguration section */

/* Begin XCConfigurationList section */
		237F11301C51B4E50074CC9C /* Build configuration list for PBXProject "下拉放大" */ = {
			isa = XCConfigurationList;
			buildConfigurations = (
				237F114A1C51B4E50074CC9C /* Debug */,
				237F114B1C51B4E50074CC9C /* Release */,
			);
			defaultConfigurationIsVisible = 0;
			defaultConfigurationName = Release;
		};
		237F114C1C51B4E50074CC9C /* Build configuration list for PBXNativeTarget "下拉放大" */ = {
			isa = XCConfigurationList;
			buildConfigurations = (
				237F114D1C51B4E50074CC9C /* Debug */,
				237F114E1C51B4E50074CC9C /* Release */,
			);
			defaultConfigurationIsVisible = 0;
		};
/* End XCConfigurationList section */
	};
	rootObject = 237F112D1C51B4E50074CC9C /* Project object */;
}
